
Microsoft Visual Studio Solution File, Format Version 12.00
# Visual Studio Version 17
VisualStudioVersion = 17.13.35806.99 d17.13
MinimumVisualStudioVersion = 10.0.40219.1
Project("{FAE04EC0-301F-11D3-BF4B-00C04F79EFBC}") = "UPEHFHook", "UPEHFHook\UPEHFHook.csproj", "{C284B2B7-C819-4E82-BC0A-17176CEB33EB}"
EndProject
Global
	GlobalSection(SolutionConfigurationPlatforms) = preSolution
		Debug|Any CPU = Debug|Any CPU
		Release|Any CPU = Release|Any CPU
	EndGlobalSection
	GlobalSection(ProjectConfigurationPlatforms) = postSolution
		{C284B2B7-C819-4E82-BC0A-17176CEB33EB}.Debug|Any CPU.ActiveCfg = Debug|Any CPU
		{C284B2B7-C819-4E82-BC0A-17176CEB33EB}.Debug|Any CPU.Build.0 = Debug|Any CPU
		{C284B2B7-C819-4E82-BC0A-17176CEB33EB}.Release|Any CPU.ActiveCfg = Release|Any CPU
		{C284B2B7-C819-4E82-BC0A-17176CEB33EB}.Release|Any CPU.Build.0 = Release|Any CPU
	EndGlobalSection
	GlobalSection(SolutionProperties) = preSolution
		HideSolutionNode = FALSE
	EndGlobalSection
	GlobalSection(ExtensibilityGlobals) = postSolution
		SolutionGuid = {144B238B-2C53-4FCA-B31C-A98F5C946745}
	EndGlobalSection
EndGlobal
